
Microsoft Visual Studio Solution File, Format Version 12.00
# Visual Studio 15
VisualStudioVersion = 15.0.27004.2006
MinimumVisualStudioVersion = 10.0.40219.1
Project("{FAE04EC0-301F-11D3-BF4B-00C04F79EFBC}") = "PPE_Salons", "PPE_Salons\PPE_Salons.csproj", "{7F1CCC99-3CE6-40D0-B1DC-D05CEF30EA8A}"
EndProject
Project("{2150E333-8FDC-42A3-9474-1A3956D46DE8}") = "Solution Items", "Solution Items", "{C9C9ACAA-747C-47E2-AEB1-1B5266730105}"
EndProject
Global
	GlobalSection(SolutionConfigurationPlatforms) = preSolution
		Debug|Any CPU = Debug|Any CPU
		Release|Any CPU = Release|Any CPU
	EndGlobalSection
	GlobalSection(ProjectConfigurationPlatforms) = postSolution
		{7F1CCC99-3CE6-40D0-B1DC-D05CEF30EA8A}.Debug|Any CPU.ActiveCfg = Debug|Any CPU
		{7F1CCC99-3CE6-40D0-B1DC-D05CEF30EA8A}.Debug|Any CPU.Build.0 = Debug|Any CPU
		{7F1CCC99-3CE6-40D0-B1DC-D05CEF30EA8A}.Release|Any CPU.ActiveCfg = Release|Any CPU
		{7F1CCC99-3CE6-40D0-B1DC-D05CEF30EA8A}.Release|Any CPU.Build.0 = Release|Any CPU
	EndGlobalSection
	GlobalSection(SolutionProperties) = preSolution
		HideSolutionNode = FALSE
	EndGlobalSection
	GlobalSection(ExtensibilityGlobals) = postSolution
		SolutionGuid = {097D8FAA-090A-4EE9-BFAA-67473844AC31}
	EndGlobalSection
EndGlobal
